
Microsoft Visual Studio Solution File, Format Version 12.00
# Visual Studio Version 17
VisualStudioVersion = 17.7.34018.315
MinimumVisualStudioVersion = 10.0.40219.1
Project("{FAE04EC0-301F-11D3-BF4B-00C04F79EFBC}") = "SuperFunCargoGame.API", "SuperFunCargoGame\SuperFunCargoGame.API.csproj", "{8EAFE1DD-6DC6-463C-B81C-443B87C97F56}"
EndProject
Project("{FAE04EC0-301F-11D3-BF4B-00C04F79EFBC}") = "SuperFunCargoGame.Core", "SuperFunCargoGame.Core\SuperFunCargoGame.Core.csproj", "{D3D97C22-7BAB-4E6A-869F-58476A672BDB}"
EndProject
Global
	GlobalSection(SolutionConfigurationPlatforms) = preSolution
		Debug|Any CPU = Debug|Any CPU
		Release|Any CPU = Release|Any CPU
	EndGlobalSection
	GlobalSection(ProjectConfigurationPlatforms) = postSolution
		{8EAFE1DD-6DC6-463C-B81C-443B87C97F56}.Debug|Any CPU.ActiveCfg = Debug|Any CPU
		{8EAFE1DD-6DC6-463C-B81C-443B87C97F56}.Debug|Any CPU.Build.0 = Debug|Any CPU
		{8EAFE1DD-6DC6-463C-B81C-443B87C97F56}.Release|Any CPU.ActiveCfg = Release|Any CPU
		{8EAFE1DD-6DC6-463C-B81C-443B87C97F56}.Release|Any CPU.Build.0 = Release|Any CPU
		{D3D97C22-7BAB-4E6A-869F-58476A672BDB}.Debug|Any CPU.ActiveCfg = Debug|Any CPU
		{D3D97C22-7BAB-4E6A-869F-58476A672BDB}.Debug|Any CPU.Build.0 = Debug|Any CPU
		{D3D97C22-7BAB-4E6A-869F-58476A672BDB}.Release|Any CPU.ActiveCfg = Release|Any CPU
		{D3D97C22-7BAB-4E6A-869F-58476A672BDB}.Release|Any CPU.Build.0 = Release|Any CPU
	EndGlobalSection
	GlobalSection(SolutionProperties) = preSolution
		HideSolutionNode = FALSE
	EndGlobalSection
	GlobalSection(ExtensibilityGlobals) = postSolution
		SolutionGuid = {0A6A3D3C-C56C-42AA-B270-3A5171DAC0CE}
	EndGlobalSection
EndGlobal
